
Microsoft Visual Studio Solution File, Format Version 12.00
# Visual Studio Version 17
VisualStudioVersion = 17.14.36616.10 d17.14
MinimumVisualStudioVersion = 10.0.40219.1
Project("{FAE04EC0-301F-11D3-BF4B-00C04F79EFBC}") = "CoNexus.Api", "CoNexus.Api\CoNexus.Api.csproj", "{A8E63C0E-1305-1B41-F23F-D88D592279AA}"
EndProject
Project("{FAE04EC0-301F-11D3-BF4B-00C04F79EFBC}") = "CoNexus.Api.Domain", "CoNexus.Api.Domain\CoNexus.Api.Domain.csproj", "{BCADCDF4-1905-4A5B-919E-7DEB4C803FAC}"
EndProject
Project("{FAE04EC0-301F-11D3-BF4B-00C04F79EFBC}") = "CoNexus.Api.Infrastructure", "..\CoNexus.Api.Infrastructure\CoNexus.Api.Infrastructure.csproj", "{3A2B13B2-BF4C-42CF-BBDC-DD035B7103B8}"
EndProject
Global
	GlobalSection(SolutionConfigurationPlatforms) = preSolution
		Debug|Any CPU = Debug|Any CPU
		Release|Any CPU = Release|Any CPU
	EndGlobalSection
	GlobalSection(ProjectConfigurationPlatforms) = postSolution
		{A8E63C0E-1305-1B41-F23F-D88D592279AA}.Debug|Any CPU.ActiveCfg = Debug|Any CPU
		{A8E63C0E-1305-1B41-F23F-D88D592279AA}.Debug|Any CPU.Build.0 = Debug|Any CPU
		{A8E63C0E-1305-1B41-F23F-D88D592279AA}.Release|Any CPU.ActiveCfg = Release|Any CPU
		{A8E63C0E-1305-1B41-F23F-D88D592279AA}.Release|Any CPU.Build.0 = Release|Any CPU
		{BCADCDF4-1905-4A5B-919E-7DEB4C803FAC}.Debug|Any CPU.ActiveCfg = Debug|Any CPU
		{BCADCDF4-1905-4A5B-919E-7DEB4C803FAC}.Debug|Any CPU.Build.0 = Debug|Any CPU
		{BCADCDF4-1905-4A5B-919E-7DEB4C803FAC}.Release|Any CPU.ActiveCfg = Release|Any CPU
		{BCADCDF4-1905-4A5B-919E-7DEB4C803FAC}.Release|Any CPU.Build.0 = Release|Any CPU
		{3A2B13B2-BF4C-42CF-BBDC-DD035B7103B8}.Debug|Any CPU.ActiveCfg = Debug|Any CPU
		{3A2B13B2-BF4C-42CF-BBDC-DD035B7103B8}.Debug|Any CPU.Build.0 = Debug|Any CPU
		{3A2B13B2-BF4C-42CF-BBDC-DD035B7103B8}.Release|Any CPU.ActiveCfg = Release|Any CPU
		{3A2B13B2-BF4C-42CF-BBDC-DD035B7103B8}.Release|Any CPU.Build.0 = Release|Any CPU
	EndGlobalSection
	GlobalSection(SolutionProperties) = preSolution
		HideSolutionNode = FALSE
	EndGlobalSection
	GlobalSection(ExtensibilityGlobals) = postSolution
		SolutionGuid = {B18E866E-ADA3-4AD8-9E9D-590949022F3C}
	EndGlobalSection
EndGlobal
